
Microsoft Visual Studio Solution File, Format Version 12.00
# Visual Studio Version 17
VisualStudioVersion = 17.0.32112.339
MinimumVisualStudioVersion = 10.0.40219.1
Project("{FAE04EC0-301F-11D3-BF4B-00C04F79EFBC}") = "MoodAnalyser", "MoodAnalyser\MoodAnalyser.csproj", "{4FDB21CF-AE11-4574-98A6-18F939F891FD}"
EndProject
Project("{FAE04EC0-301F-11D3-BF4B-00C04F79EFBC}") = "UnitTestProject1", "UnitTestProject1\UnitTestProject1.csproj", "{F0F5CC87-56FB-4340-97E4-4E40B6179013}"
EndProject
Global
	GlobalSection(SolutionConfigurationPlatforms) = preSolution
		Debug|Any CPU = Debug|Any CPU
		Release|Any CPU = Release|Any CPU
	EndGlobalSection
	GlobalSection(ProjectConfigurationPlatforms) = postSolution
		{4FDB21CF-AE11-4574-98A6-18F939F891FD}.Debug|Any CPU.ActiveCfg = Debug|Any CPU
		{4FDB21CF-AE11-4574-98A6-18F939F891FD}.Debug|Any CPU.Build.0 = Debug|Any CPU
		{4FDB21CF-AE11-4574-98A6-18F939F891FD}.Release|Any CPU.ActiveCfg = Release|Any CPU
		{4FDB21CF-AE11-4574-98A6-18F939F891FD}.Release|Any CPU.Build.0 = Release|Any CPU
		{F0F5CC87-56FB-4340-97E4-4E40B6179013}.Debug|Any CPU.ActiveCfg = Debug|Any CPU
		{F0F5CC87-56FB-4340-97E4-4E40B6179013}.Debug|Any CPU.Build.0 = Debug|Any CPU
		{F0F5CC87-56FB-4340-97E4-4E40B6179013}.Release|Any CPU.ActiveCfg = Release|Any CPU
		{F0F5CC87-56FB-4340-97E4-4E40B6179013}.Release|Any CPU.Build.0 = Release|Any CPU
	EndGlobalSection
	GlobalSection(SolutionProperties) = preSolution
		HideSolutionNode = FALSE
	EndGlobalSection
	GlobalSection(ExtensibilityGlobals) = postSolution
		SolutionGuid = {5F24D7E7-A3F2-4AED-B341-777EAB617ED3}
	EndGlobalSection
EndGlobal
