
Microsoft Visual Studio Solution File, Format Version 12.00
# Visual Studio Version 17
VisualStudioVersion = 17.0.32112.339
MinimumVisualStudioVersion = 10.0.40219.1
Project("{FAE04EC0-301F-11D3-BF4B-00C04F79EFBC}") = "MoodAnalyser", "MoodAnalyser\MoodAnalyser.csproj", "{D15C49DF-8E8D-4163-B960-85942E8C9E4B}"
EndProject
Project("{FAE04EC0-301F-11D3-BF4B-00C04F79EFBC}") = "UnitTestProject1", "UnitTestProject1\UnitTestProject1.csproj", "{40E78BB2-9420-4BCB-995A-9D93BE041380}"
EndProject
Project("{2150E333-8FDC-42A3-9474-1A3956D46DE8}") = "Solution Items", "Solution Items", "{1CA95165-1EB6-42B5-8F9A-D9B9EC55601D}"
	ProjectSection(SolutionItems) = preProject
		.editorconfig = .editorconfig
	EndProjectSection
EndProject
Global
	GlobalSection(SolutionConfigurationPlatforms) = preSolution
		Debug|Any CPU = Debug|Any CPU
		Release|Any CPU = Release|Any CPU
	EndGlobalSection
	GlobalSection(ProjectConfigurationPlatforms) = postSolution
		{D15C49DF-8E8D-4163-B960-85942E8C9E4B}.Debug|Any CPU.ActiveCfg = Debug|Any CPU
		{D15C49DF-8E8D-4163-B960-85942E8C9E4B}.Debug|Any CPU.Build.0 = Debug|Any CPU
		{D15C49DF-8E8D-4163-B960-85942E8C9E4B}.Release|Any CPU.ActiveCfg = Release|Any CPU
		{D15C49DF-8E8D-4163-B960-85942E8C9E4B}.Release|Any CPU.Build.0 = Release|Any CPU
		{40E78BB2-9420-4BCB-995A-9D93BE041380}.Debug|Any CPU.ActiveCfg = Debug|Any CPU
		{40E78BB2-9420-4BCB-995A-9D93BE041380}.Debug|Any CPU.Build.0 = Debug|Any CPU
		{40E78BB2-9420-4BCB-995A-9D93BE041380}.Release|Any CPU.ActiveCfg = Release|Any CPU
		{40E78BB2-9420-4BCB-995A-9D93BE041380}.Release|Any CPU.Build.0 = Release|Any CPU
	EndGlobalSection
	GlobalSection(SolutionProperties) = preSolution
		HideSolutionNode = FALSE
	EndGlobalSection
	GlobalSection(ExtensibilityGlobals) = postSolution
		SolutionGuid = {90219EF4-F1B4-46A7-9CC9-17E75A1F5DA2}
	EndGlobalSection
EndGlobal
